
Microsoft Visual Studio Solution File, Format Version 12.00
# Visual Studio Version 17
VisualStudioVersion = 17.8.34309.116
MinimumVisualStudioVersion = 10.0.40219.1
Project("{FAE04EC0-301F-11D3-BF4B-00C04F79EFBC}") = "DynamicFirewall", "DynamicFirewall\DynamicFirewall.csproj", "{91022452-E1E2-49CA-9720-A9632A427018}"
EndProject
Global
	GlobalSection(SolutionConfigurationPlatforms) = preSolution
		Debug|Any CPU = Debug|Any CPU
		Release|Any CPU = Release|Any CPU
	EndGlobalSection
	GlobalSection(ProjectConfigurationPlatforms) = postSolution
		{91022452-E1E2-49CA-9720-A9632A427018}.Debug|Any CPU.ActiveCfg = Debug|Any CPU
		{91022452-E1E2-49CA-9720-A9632A427018}.Debug|Any CPU.Build.0 = Debug|Any CPU
		{91022452-E1E2-49CA-9720-A9632A427018}.Release|Any CPU.ActiveCfg = Release|Any CPU
		{91022452-E1E2-49CA-9720-A9632A427018}.Release|Any CPU.Build.0 = Release|Any CPU
	EndGlobalSection
	GlobalSection(SolutionProperties) = preSolution
		HideSolutionNode = FALSE
	EndGlobalSection
	GlobalSection(ExtensibilityGlobals) = postSolution
		SolutionGuid = {45C78FB2-A362-49D5-A82A-3189BE3196A5}
	EndGlobalSection
EndGlobal
