
Microsoft Visual Studio Solution File, Format Version 12.00
# Visual Studio Version 16
VisualStudioVersion = 16.0.30320.27
MinimumVisualStudioVersion = 10.0.40219.1
Project("{FAE04EC0-301F-11D3-BF4B-00C04F79EFBC}") = "vega_launcher", "vega_launcher.csproj", "{834AC2C8-9892-49BC-8940-8575AF4E8130}"
EndProject
Global
	GlobalSection(SolutionConfigurationPlatforms) = preSolution
		Debug|Any CPU = Debug|Any CPU
		Release|Any CPU = Release|Any CPU
	EndGlobalSection
	GlobalSection(ProjectConfigurationPlatforms) = postSolution
		{834AC2C8-9892-49BC-8940-8575AF4E8130}.Debug|Any CPU.ActiveCfg = Debug|Any CPU
		{834AC2C8-9892-49BC-8940-8575AF4E8130}.Debug|Any CPU.Build.0 = Debug|Any CPU
		{834AC2C8-9892-49BC-8940-8575AF4E8130}.Release|Any CPU.ActiveCfg = Release|Any CPU
		{834AC2C8-9892-49BC-8940-8575AF4E8130}.Release|Any CPU.Build.0 = Release|Any CPU
	EndGlobalSection
	GlobalSection(SolutionProperties) = preSolution
		HideSolutionNode = FALSE
	EndGlobalSection
	GlobalSection(ExtensibilityGlobals) = postSolution
		SolutionGuid = {8A75FC79-2BA5-475F-97F1-C6A13C282C83}
	EndGlobalSection
EndGlobal
