
Microsoft Visual Studio Solution File, Format Version 12.00
# Visual Studio Version 17
VisualStudioVersion = 17.10.34928.147
MinimumVisualStudioVersion = 10.0.40219.1
Project("{FAE04EC0-301F-11D3-BF4B-00C04F79EFBC}") = "DirDiff", "DirDiff\DirDiff.csproj", "{77CDCE3D-42B6-4691-BC36-01186042192E}"
EndProject
Global
	GlobalSection(SolutionConfigurationPlatforms) = preSolution
		Debug|Any CPU = Debug|Any CPU
		Release|Any CPU = Release|Any CPU
	EndGlobalSection
	GlobalSection(ProjectConfigurationPlatforms) = postSolution
		{77CDCE3D-42B6-4691-BC36-01186042192E}.Debug|Any CPU.ActiveCfg = Debug|Any CPU
		{77CDCE3D-42B6-4691-BC36-01186042192E}.Debug|Any CPU.Build.0 = Debug|Any CPU
		{77CDCE3D-42B6-4691-BC36-01186042192E}.Release|Any CPU.ActiveCfg = Release|Any CPU
		{77CDCE3D-42B6-4691-BC36-01186042192E}.Release|Any CPU.Build.0 = Release|Any CPU
	EndGlobalSection
	GlobalSection(SolutionProperties) = preSolution
		HideSolutionNode = FALSE
	EndGlobalSection
	GlobalSection(ExtensibilityGlobals) = postSolution
		SolutionGuid = {E083879C-0561-408B-A8AB-6D83F3CF08C0}
	EndGlobalSection
EndGlobal
