
Microsoft Visual Studio Solution File, Format Version 12.00
# Visual Studio Version 17
VisualStudioVersion = 17.8.34309.116
MinimumVisualStudioVersion = 10.0.40219.1
Project("{FAE04EC0-301F-11D3-BF4B-00C04F79EFBC}") = "MCTextureReplacer", "MCTextureReplacer\MCTextureReplacer.csproj", "{0BDC64A2-2BDC-4CDD-936A-83C59F4F84A6}"
EndProject
Global
	GlobalSection(SolutionConfigurationPlatforms) = preSolution
		Debug|Any CPU = Debug|Any CPU
		Release|Any CPU = Release|Any CPU
	EndGlobalSection
	GlobalSection(ProjectConfigurationPlatforms) = postSolution
		{0BDC64A2-2BDC-4CDD-936A-83C59F4F84A6}.Debug|Any CPU.ActiveCfg = Debug|Any CPU
		{0BDC64A2-2BDC-4CDD-936A-83C59F4F84A6}.Debug|Any CPU.Build.0 = Debug|Any CPU
		{0BDC64A2-2BDC-4CDD-936A-83C59F4F84A6}.Release|Any CPU.ActiveCfg = Release|Any CPU
		{0BDC64A2-2BDC-4CDD-936A-83C59F4F84A6}.Release|Any CPU.Build.0 = Release|Any CPU
	EndGlobalSection
	GlobalSection(SolutionProperties) = preSolution
		HideSolutionNode = FALSE
	EndGlobalSection
	GlobalSection(ExtensibilityGlobals) = postSolution
		SolutionGuid = {7E6E045B-3C49-4EC2-AEFA-CB652623BC2C}
	EndGlobalSection
EndGlobal
