
Microsoft Visual Studio Solution File, Format Version 12.00
# Visual Studio Version 17
VisualStudioVersion = 17.8.34309.116
MinimumVisualStudioVersion = 10.0.40219.1
Project("{FAE04EC0-301F-11D3-BF4B-00C04F79EFBC}") = "PrimeFactorizationCounter", "PrimeFactorizationCounter\PrimeFactorizationCounter.csproj", "{3D7D876D-0432-4D74-932C-17E8B659CB39}"
EndProject
Global
	GlobalSection(SolutionConfigurationPlatforms) = preSolution
		Debug|Any CPU = Debug|Any CPU
		Release|Any CPU = Release|Any CPU
	EndGlobalSection
	GlobalSection(ProjectConfigurationPlatforms) = postSolution
		{3D7D876D-0432-4D74-932C-17E8B659CB39}.Debug|Any CPU.ActiveCfg = Debug|Any CPU
		{3D7D876D-0432-4D74-932C-17E8B659CB39}.Debug|Any CPU.Build.0 = Debug|Any CPU
		{3D7D876D-0432-4D74-932C-17E8B659CB39}.Release|Any CPU.ActiveCfg = Release|Any CPU
		{3D7D876D-0432-4D74-932C-17E8B659CB39}.Release|Any CPU.Build.0 = Release|Any CPU
	EndGlobalSection
	GlobalSection(SolutionProperties) = preSolution
		HideSolutionNode = FALSE
	EndGlobalSection
	GlobalSection(ExtensibilityGlobals) = postSolution
		SolutionGuid = {952A6258-740A-4467-B525-4737A4A399E6}
	EndGlobalSection
EndGlobal
