
Microsoft Visual Studio Solution File, Format Version 12.00
# Visual Studio Version 17
VisualStudioVersion = 17.8.34309.116
MinimumVisualStudioVersion = 10.0.40219.1
Project("{FAE04EC0-301F-11D3-BF4B-00C04F79EFBC}") = "GameQuest", "GameQuest\GameQuest.csproj", "{6627C01D-DE9B-4D0F-BFC7-067DA83FD5BC}"
EndProject
Global
	GlobalSection(SolutionConfigurationPlatforms) = preSolution
		Debug|Any CPU = Debug|Any CPU
		Release|Any CPU = Release|Any CPU
	EndGlobalSection
	GlobalSection(ProjectConfigurationPlatforms) = postSolution
		{6627C01D-DE9B-4D0F-BFC7-067DA83FD5BC}.Debug|Any CPU.ActiveCfg = Debug|Any CPU
		{6627C01D-DE9B-4D0F-BFC7-067DA83FD5BC}.Debug|Any CPU.Build.0 = Debug|Any CPU
		{6627C01D-DE9B-4D0F-BFC7-067DA83FD5BC}.Release|Any CPU.ActiveCfg = Release|Any CPU
		{6627C01D-DE9B-4D0F-BFC7-067DA83FD5BC}.Release|Any CPU.Build.0 = Release|Any CPU
	EndGlobalSection
	GlobalSection(SolutionProperties) = preSolution
		HideSolutionNode = FALSE
	EndGlobalSection
	GlobalSection(ExtensibilityGlobals) = postSolution
		SolutionGuid = {F9978746-751A-4BC6-9E2F-9CAD88BD0720}
	EndGlobalSection
EndGlobal
