
Microsoft Visual Studio Solution File, Format Version 12.00
# Visual Studio Version 17
VisualStudioVersion = 17.8.34309.116
MinimumVisualStudioVersion = 10.0.40219.1
Project("{FAE04EC0-301F-11D3-BF4B-00C04F79EFBC}") = "DirectoryTreeCloner", "DirectoryTreeCloner\DirectoryTreeCloner.csproj", "{040BFF3C-5A76-4569-8DC8-55E5B90F7B6F}"
EndProject
Global
	GlobalSection(SolutionConfigurationPlatforms) = preSolution
		Debug|Any CPU = Debug|Any CPU
		Release|Any CPU = Release|Any CPU
	EndGlobalSection
	GlobalSection(ProjectConfigurationPlatforms) = postSolution
		{040BFF3C-5A76-4569-8DC8-55E5B90F7B6F}.Debug|Any CPU.ActiveCfg = Debug|Any CPU
		{040BFF3C-5A76-4569-8DC8-55E5B90F7B6F}.Debug|Any CPU.Build.0 = Debug|Any CPU
		{040BFF3C-5A76-4569-8DC8-55E5B90F7B6F}.Release|Any CPU.ActiveCfg = Release|Any CPU
		{040BFF3C-5A76-4569-8DC8-55E5B90F7B6F}.Release|Any CPU.Build.0 = Release|Any CPU
	EndGlobalSection
	GlobalSection(SolutionProperties) = preSolution
		HideSolutionNode = FALSE
	EndGlobalSection
	GlobalSection(ExtensibilityGlobals) = postSolution
		SolutionGuid = {E9E43E13-F48D-4759-B42A-2B43416A87C5}
	EndGlobalSection
EndGlobal
